# THIS IS AN AUTOGENERATED FILE. DO NOT EDIT THIS FILE DIRECTLY.
# yarn lockfile v1


pyright@^1.1.129:
  version "1.1.129"
  resolved "https://registry.yarnpkg.com/pyright/-/pyright-1.1.129.tgz#11fb60bc8bb48a934360c226101ace673aca0871"
  integrity sha512-7GFRfANFT6xhEVlDWWk+81D2IJA57j8L9TbSVG61qPe79qb0O6yVzu9asCTJVopd7q6aRPVhXlfuXLMFKmKekQ==
