# THIS IS AN AUTOGENERATED FILE. DO NOT EDIT THIS FILE DIRECTLY.
# yarn lockfile v1


pyright@1.1.188:
  version "1.1.188"
  resolved "https://registry.yarnpkg.com/pyright/-/pyright-1.1.188.tgz#1b5c5787f626cfe9baa0cc4584a99125ed4a3281"
  integrity sha512-9ypjVwXwVroIzo/atn3hvfOuyH/eBRQMr2ayIN/+rqKmx4haNxuCdV/WnYa5QIH6l4LFSMV+rTHLRISIFMv+1w==
