# THIS IS AN AUTOGENERATED FILE. DO NOT EDIT THIS FILE DIRECTLY.
# yarn lockfile v1


pyright@^1.1.181:
  version "1.1.181"
  resolved "https://registry.yarnpkg.com/pyright/-/pyright-1.1.181.tgz#a86eac21531c6542f9500ea96e39342b65d31acd"
  integrity sha512-YuBEA9qwGYNeTBpUtlFKYlNmK8X3/hz/wTRkfR6Z2HDLBQSOpqmNAu/lWrzDnJopSvXwK2qNrW0zFjCE1I4dzg==
